
Microsoft Visual Studio Solution File, Format Version 12.00
# Visual Studio 15
VisualStudioVersion = 15.0.28307.757
MinimumVisualStudioVersion = 10.0.40219.1
Project("{FAE04EC0-301F-11D3-BF4B-00C04F79EFBC}") = "Programming.DAL", "Programming.DAL\Programming.DAL.csproj", "{BF83C5D8-735D-4660-976D-5A7A2CD1931F}"
EndProject
Project("{FAE04EC0-301F-11D3-BF4B-00C04F79EFBC}") = "Programming.API", "Programming.API\Programming.API.csproj", "{B0A5DA51-ECFB-4B39-B159-6AB86A95F147}"
EndProject
Global
	GlobalSection(SolutionConfigurationPlatforms) = preSolution
		Debug|Any CPU = Debug|Any CPU
		Release|Any CPU = Release|Any CPU
	EndGlobalSection
	GlobalSection(ProjectConfigurationPlatforms) = postSolution
		{BF83C5D8-735D-4660-976D-5A7A2CD1931F}.Debug|Any CPU.ActiveCfg = Debug|Any CPU
		{BF83C5D8-735D-4660-976D-5A7A2CD1931F}.Debug|Any CPU.Build.0 = Debug|Any CPU
		{BF83C5D8-735D-4660-976D-5A7A2CD1931F}.Release|Any CPU.ActiveCfg = Release|Any CPU
		{BF83C5D8-735D-4660-976D-5A7A2CD1931F}.Release|Any CPU.Build.0 = Release|Any CPU
		{B0A5DA51-ECFB-4B39-B159-6AB86A95F147}.Debug|Any CPU.ActiveCfg = Debug|Any CPU
		{B0A5DA51-ECFB-4B39-B159-6AB86A95F147}.Debug|Any CPU.Build.0 = Debug|Any CPU
		{B0A5DA51-ECFB-4B39-B159-6AB86A95F147}.Release|Any CPU.ActiveCfg = Release|Any CPU
		{B0A5DA51-ECFB-4B39-B159-6AB86A95F147}.Release|Any CPU.Build.0 = Release|Any CPU
	EndGlobalSection
	GlobalSection(SolutionProperties) = preSolution
		HideSolutionNode = FALSE
	EndGlobalSection
	GlobalSection(ExtensibilityGlobals) = postSolution
		SolutionGuid = {B05F47C4-CA4F-4496-A060-F0DEE74EBC60}
	EndGlobalSection
EndGlobal
